
Microsoft Visual Studio Solution File, Format Version 12.00
# Visual Studio Version 17
VisualStudioVersion = 17.3.32929.385
MinimumVisualStudioVersion = 10.0.40219.1
Project("{FAE04EC0-301F-11D3-BF4B-00C04F79EFBC}") = "ÖDEV ASIL", "ÖDEV ASIL\ÖDEV ASIL.csproj", "{F5A2EA0A-3993-4D57-A82D-B1F77D010CB9}"
EndProject
Global
	GlobalSection(SolutionConfigurationPlatforms) = preSolution
		Debug|Any CPU = Debug|Any CPU
		Release|Any CPU = Release|Any CPU
	EndGlobalSection
	GlobalSection(ProjectConfigurationPlatforms) = postSolution
		{F5A2EA0A-3993-4D57-A82D-B1F77D010CB9}.Debug|Any CPU.ActiveCfg = Debug|Any CPU
		{F5A2EA0A-3993-4D57-A82D-B1F77D010CB9}.Debug|Any CPU.Build.0 = Debug|Any CPU
		{F5A2EA0A-3993-4D57-A82D-B1F77D010CB9}.Release|Any CPU.ActiveCfg = Release|Any CPU
		{F5A2EA0A-3993-4D57-A82D-B1F77D010CB9}.Release|Any CPU.Build.0 = Release|Any CPU
	EndGlobalSection
	GlobalSection(SolutionProperties) = preSolution
		HideSolutionNode = FALSE
	EndGlobalSection
	GlobalSection(ExtensibilityGlobals) = postSolution
		SolutionGuid = {3B12FEE3-2DBA-43D0-89E7-BC1E2E2B7A4B}
	EndGlobalSection
EndGlobal
